
Microsoft Visual Studio Solution File, Format Version 12.00
# Visual Studio Version 16
VisualStudioVersion = 16.0.30104.148
MinimumVisualStudioVersion = 10.0.40219.1
Project("{FAE04EC0-301F-11D3-BF4B-00C04F79EFBC}") = "EmployeeManagement", "EmployeeManagement\EmployeeManagement.csproj", "{539E27FE-E21C-4826-90A1-30E10BFC3AAE}"
EndProject
Global
	GlobalSection(SolutionConfigurationPlatforms) = preSolution
		Debug|Any CPU = Debug|Any CPU
		Release|Any CPU = Release|Any CPU
	EndGlobalSection
	GlobalSection(ProjectConfigurationPlatforms) = postSolution
		{539E27FE-E21C-4826-90A1-30E10BFC3AAE}.Debug|Any CPU.ActiveCfg = Debug|Any CPU
		{539E27FE-E21C-4826-90A1-30E10BFC3AAE}.Debug|Any CPU.Build.0 = Debug|Any CPU
		{539E27FE-E21C-4826-90A1-30E10BFC3AAE}.Release|Any CPU.ActiveCfg = Release|Any CPU
		{539E27FE-E21C-4826-90A1-30E10BFC3AAE}.Release|Any CPU.Build.0 = Release|Any CPU
	EndGlobalSection
	GlobalSection(SolutionProperties) = preSolution
		HideSolutionNode = FALSE
	EndGlobalSection
	GlobalSection(ExtensibilityGlobals) = postSolution
		SolutionGuid = {F524973B-1633-426C-A3A0-50D063B6F952}
	EndGlobalSection
EndGlobal
